# This file is automatically @generated by Cargo.
# It is not intended for manual editing.
version = 3

[[package]]
name = "aligned"
version = "0.3.4"
source = "registry+https://github.com/rust-lang/crates.io-index"
checksum = "c19796bd8d477f1a9d4ac2465b464a8b1359474f06a96bb3cda650b4fca309bf"
dependencies = [
 "as-slice",
]

[[package]]
name = "app"
version = "0.1.0"
dependencies = [
 "cortex-m-rtic",
 "cortex-m-semihosting",
 "embedded-hal 1.0.0",
 "heapless 0.8.0",
 "panic-semihosting",
 "stm32l4xx-hal",
]

[[package]]
name = "as-slice"
version = "0.1.5"
source = "registry+https://github.com/rust-lang/crates.io-index"
checksum = "45403b49e3954a4b8428a0ac21a4b7afadccf92bfd96273f1a58cd4812496ae0"
dependencies = [
 "generic-array 0.12.4",
 "generic-array 0.13.3",
 "generic-array 0.14.4",
 "stable_deref_trait",
]

[[package]]
name = "autocfg"
version = "1.1.0"
source = "registry+https://github.com/rust-lang/crates.io-index"
checksum = "d468802bab17cbc0cc575e9b053f41e72aa36bfa6b7f55e3529ffa43161b97fa"

[[package]]
name = "bare-metal"
version = "0.2.5"
source = "registry+https://github.com/rust-lang/crates.io-index"
checksum = "5deb64efa5bd81e31fcd1938615a6d98c82eafcbcd787162b6f63b91d6bac5b3"
dependencies = [
 "rustc_version",
]

[[package]]
name = "bitfield"
version = "0.13.2"
source = "registry+https://github.com/rust-lang/crates.io-index"
checksum = "46afbd2983a5d5a7bd740ccb198caf5b82f45c40c09c0eed36052d91cb92e719"

[[package]]
name = "byteorder"
version = "1.4.2"
source = "registry+https://github.com/rust-lang/crates.io-index"
checksum = "ae44d1a3d5a19df61dd0c8beb138458ac2a53a7ac09eba97d55592540004306b"

[[package]]
name = "cast"
version = "0.2.3"
source = "registry+https://github.com/rust-lang/crates.io-index"
checksum = "4b9434b9a5aa1450faa3f9cb14ea0e8c53bb5d2b3c1bfd1ab4fc03e9f33fbfb0"
dependencies = [
 "rustc_version",
]

[[package]]
name = "cortex-m"
version = "0.6.7"
source = "registry+https://github.com/rust-lang/crates.io-index"
checksum = "9075300b07c6a56263b9b582c214d0ff037b00d45ec9fde1cc711490c56f1bb9"
dependencies = [
 "aligned",
 "bare-metal",
 "bitfield",
 "cortex-m 0.7.6",
 "volatile-register",
]

[[package]]
name = "cortex-m"
version = "0.7.6"
source = "registry+https://github.com/rust-lang/crates.io-index"
checksum = "70858629a458fdfd39f9675c4dc309411f2a3f83bede76988d81bf1a0ecee9e0"
dependencies = [
 "bare-metal",
 "bitfield",
 "embedded-hal 0.2.7",
 "volatile-register",
]

[[package]]
name = "cortex-m-rt"
version = "0.6.13"
source = "registry+https://github.com/rust-lang/crates.io-index"
checksum = "980c9d0233a909f355ed297ef122f257942de5e0a2cb1c39f60684b65bcb90fb"
dependencies = [
 "cortex-m-rt-macros",
 "r0",
]

[[package]]
name = "cortex-m-rt-macros"
version = "0.1.8"
source = "registry+https://github.com/rust-lang/crates.io-index"
checksum = "4717562afbba06e760d34451919f5c3bf3ac15c7bb897e8b04862a7428378647"
dependencies = [
 "proc-macro2",
 "quote",
 "syn",
]

[[package]]
name = "cortex-m-rtic"
version = "0.5.9"
source = "registry+https://github.com/rust-lang/crates.io-index"
checksum = "fb77bb72c171d0aa52a2954d8dc7e3f0800ab54b8df7d826f138abbea9eb2794"
dependencies = [
 "cortex-m 0.7.6",
 "cortex-m-rtic-macros",
 "heapless 0.6.1",
 "rtic-core",
 "version_check",
]

[[package]]
name = "cortex-m-rtic-macros"
version = "0.5.3"
source = "registry+https://github.com/rust-lang/crates.io-index"
checksum = "cc874eda99515b15e67f03562726a530388f454431096d30131051b52b840559"
dependencies = [
 "proc-macro2",
 "quote",
 "rtic-syntax",
 "syn",
]

[[package]]
name = "cortex-m-semihosting"
version = "0.5.0"
source = "registry+https://github.com/rust-lang/crates.io-index"
checksum = "c23234600452033cc77e4b761e740e02d2c4168e11dbf36ab14a0f58973592b0"
dependencies = [
 "cortex-m 0.7.6",
]

[[package]]
name = "embedded-hal"
version = "0.2.7"
source = "registry+https://github.com/rust-lang/crates.io-index"
checksum = "35949884794ad573cf46071e41c9b60efb0cb311e3ca01f7af807af1debc66ff"
dependencies = [
 "nb 0.1.3",
 "void",
]

[[package]]
name = "embedded-hal"
version = "1.0.0"
source = "registry+https://github.com/rust-lang/crates.io-index"
checksum = "361a90feb7004eca4019fb28352a9465666b24f840f5c3cddf0ff13920590b89"

[[package]]
name = "generic-array"
version = "0.12.4"
source = "registry+https://github.com/rust-lang/crates.io-index"
checksum = "ffdf9f34f1447443d37393cc6c2b8313aebddcd96906caf34e54c68d8e57d7bd"
dependencies = [
 "typenum",
]

[[package]]
name = "generic-array"
version = "0.13.3"
source = "registry+https://github.com/rust-lang/crates.io-index"
checksum = "f797e67af32588215eaaab8327027ee8e71b9dd0b2b26996aedf20c030fce309"
dependencies = [
 "typenum",
]

[[package]]
name = "generic-array"
version = "0.14.4"
source = "registry+https://github.com/rust-lang/crates.io-index"
checksum = "501466ecc8a30d1d3b7fc9229b122b2ce8ed6e9d9223f1138d4babb253e51817"
dependencies = [
 "typenum",
 "version_check",
]

[[package]]
name = "hash32"
version = "0.1.1"
source = "registry+https://github.com/rust-lang/crates.io-index"
checksum = "d4041af86e63ac4298ce40e5cca669066e75b6f1aa3390fe2561ffa5e1d9f4cc"
dependencies = [
 "byteorder",
]

[[package]]
name = "hash32"
version = "0.3.1"
source = "registry+https://github.com/rust-lang/crates.io-index"
checksum = "47d60b12902ba28e2730cd37e95b8c9223af2808df9e902d4df49588d1470606"
dependencies = [
 "byteorder",
]

[[package]]
name = "hashbrown"
version = "0.9.1"
source = "registry+https://github.com/rust-lang/crates.io-index"
checksum = "d7afe4a420e3fe79967a00898cc1f4db7c8a49a9333a29f8a4bd76a253d5cd04"

[[package]]
name = "heapless"
version = "0.6.1"
source = "registry+https://github.com/rust-lang/crates.io-index"
checksum = "634bd4d29cbf24424d0a4bfcbf80c6960129dc24424752a7d1d1390607023422"
dependencies = [
 "as-slice",
 "generic-array 0.14.4",
 "hash32 0.1.1",
 "stable_deref_trait",
]

[[package]]
name = "heapless"
version = "0.8.0"
source = "registry+https://github.com/rust-lang/crates.io-index"
checksum = "0bfb9eb618601c89945a70e254898da93b13be0388091d42117462b265bb3fad"
dependencies = [
 "hash32 0.3.1",
 "stable_deref_trait",
]

[[package]]
name = "indexmap"
version = "1.6.1"
source = "registry+https://github.com/rust-lang/crates.io-index"
checksum = "4fb1fa934250de4de8aef298d81c729a7d33d8c239daa3a7575e6b92bfc7313b"
dependencies = [
 "autocfg",
 "hashbrown",
]

[[package]]
name = "nb"
version = "0.1.3"
source = "registry+https://github.com/rust-lang/crates.io-index"
checksum = "801d31da0513b6ec5214e9bf433a77966320625a37860f910be265be6e18d06f"
dependencies = [
 "nb 1.0.0",
]

[[package]]
name = "nb"
version = "1.0.0"
source = "registry+https://github.com/rust-lang/crates.io-index"
checksum = "546c37ac5d9e56f55e73b677106873d9d9f5190605e41a856503623648488cae"

[[package]]
name = "panic-semihosting"
version = "0.6.0"
source = "registry+https://github.com/rust-lang/crates.io-index"
checksum = "ee8a3e1233d9073d76a870223512ce4eeea43c067a94a445c13bd6d792d7b1ab"
dependencies = [
 "cortex-m 0.7.6",
 "cortex-m-semihosting",
]

[[package]]
name = "proc-macro2"
version = "1.0.24"
source = "registry+https://github.com/rust-lang/crates.io-index"
checksum = "1e0704ee1a7e00d7bb417d0770ea303c1bccbabf0ef1667dae92b5967f5f8a71"
dependencies = [
 "unicode-xid",
]

[[package]]
name = "quote"
version = "1.0.8"
source = "registry+https://github.com/rust-lang/crates.io-index"
checksum = "991431c3519a3f36861882da93630ce66b52918dcf1b8e2fd66b397fc96f28df"
dependencies = [
 "proc-macro2",
]

[[package]]
name = "r0"
version = "0.2.2"
source = "registry+https://github.com/rust-lang/crates.io-index"
checksum = "e2a38df5b15c8d5c7e8654189744d8e396bddc18ad48041a500ce52d6948941f"

[[package]]
name = "rtic-core"
version = "0.3.1"
source = "registry+https://github.com/rust-lang/crates.io-index"
checksum = "8bd58a6949de8ff797a346a28d9f13f7b8f54fa61bb5e3cb0985a4efb497a5ef"

[[package]]
name = "rtic-syntax"
version = "0.4.0"
source = "registry+https://github.com/rust-lang/crates.io-index"
checksum = "8152fcaa845720d61e6cc570548b89144c2c307f18a480bbd97e55e9f6eeff04"
dependencies = [
 "indexmap",
 "proc-macro2",
 "syn",
]

[[package]]
name = "rustc_version"
version = "0.2.3"
source = "registry+https://github.com/rust-lang/crates.io-index"
checksum = "138e3e0acb6c9fb258b19b67cb8abd63c00679d2851805ea151465464fe9030a"
dependencies = [
 "semver",
]

[[package]]
name = "semver"
version = "0.9.0"
source = "registry+https://github.com/rust-lang/crates.io-index"
checksum = "1d7eb9ef2c18661902cc47e535f9bc51b78acd254da71d375c2f6720d9a40403"
dependencies = [
 "semver-parser",
]

[[package]]
name = "semver-parser"
version = "0.7.0"
source = "registry+https://github.com/rust-lang/crates.io-index"
checksum = "388a1df253eca08550bef6c72392cfe7c30914bf41df5269b68cbd6ff8f570a3"

[[package]]
name = "stable_deref_trait"
version = "1.2.0"
source = "registry+https://github.com/rust-lang/crates.io-index"
checksum = "a8f112729512f8e442d81f95a8a7ddf2b7c6b8a1a6f509a95864142b30cab2d3"

[[package]]
name = "stm32l4"
version = "0.12.1"
source = "registry+https://github.com/rust-lang/crates.io-index"
checksum = "a9abc2787195d7055b342be5a7934d74099fd7e92b81c0771002b3b35ccfc85b"
dependencies = [
 "bare-metal",
 "cortex-m 0.6.7",
 "cortex-m-rt",
 "vcell",
]

[[package]]
name = "stm32l4xx-hal"
version = "0.6.0"
source = "registry+https://github.com/rust-lang/crates.io-index"
checksum = "3fc8fef7443befd04ba8714ccb9475d86639794492e2b2dcbfbe675bbae8fafa"
dependencies = [
 "as-slice",
 "cast",
 "cortex-m 0.6.7",
 "embedded-hal 0.2.7",
 "generic-array 0.13.3",
 "nb 0.1.3",
 "stable_deref_trait",
 "stm32l4",
 "void",
]

[[package]]
name = "syn"
version = "1.0.58"
source = "registry+https://github.com/rust-lang/crates.io-index"
checksum = "cc60a3d73ea6594cd712d830cc1f0390fd71542d8c8cd24e70cc54cdfd5e05d5"
dependencies = [
 "proc-macro2",
 "quote",
 "unicode-xid",
]

[[package]]
name = "typenum"
version = "1.12.0"
source = "registry+https://github.com/rust-lang/crates.io-index"
checksum = "373c8a200f9e67a0c95e62a4f52fbf80c23b4381c05a17845531982fa99e6b33"

[[package]]
name = "unicode-xid"
version = "0.2.1"
source = "registry+https://github.com/rust-lang/crates.io-index"
checksum = "f7fe0bb3479651439c9112f72b6c505038574c9fbb575ed1bf3b797fa39dd564"

[[package]]
name = "vcell"
version = "0.1.3"
source = "registry+https://github.com/rust-lang/crates.io-index"
checksum = "77439c1b53d2303b20d9459b1ade71a83c716e3f9c34f3228c00e6f185d6c002"

[[package]]
name = "version_check"
version = "0.9.2"
source = "registry+https://github.com/rust-lang/crates.io-index"
checksum = "b5a972e5669d67ba988ce3dc826706fb0a8b01471c088cb0b6110b805cc36aed"

[[package]]
name = "void"
version = "1.0.2"
source = "registry+https://github.com/rust-lang/crates.io-index"
checksum = "6a02e4885ed3bc0f2de90ea6dd45ebcbb66dacffe03547fadbb0eeae2770887d"

[[package]]
name = "volatile-register"
version = "0.2.0"
source = "registry+https://github.com/rust-lang/crates.io-index"
checksum = "0d67cb4616d99b940db1d6bd28844ff97108b498a6ca850e5b6191a532063286"
dependencies = [
 "vcell",
]
